
Microsoft Visual Studio Solution File, Format Version 12.00
# Visual Studio Version 17
VisualStudioVersion = 17.1.32328.378
MinimumVisualStudioVersion = 10.0.40219.1
Project("{FAE04EC0-301F-11D3-BF4B-00C04F79EFBC}") = "DemoTaskWpf", "DemoTaskWpf\DemoTaskWpf.csproj", "{13EACCA6-571F-4F77-8190-6A92EF3F2664}"
EndProject
Global
	GlobalSection(SolutionConfigurationPlatforms) = preSolution
		Debug|Any CPU = Debug|Any CPU
		Release|Any CPU = Release|Any CPU
	EndGlobalSection
	GlobalSection(ProjectConfigurationPlatforms) = postSolution
		{13EACCA6-571F-4F77-8190-6A92EF3F2664}.Debug|Any CPU.ActiveCfg = Debug|Any CPU
		{13EACCA6-571F-4F77-8190-6A92EF3F2664}.Debug|Any CPU.Build.0 = Debug|Any CPU
		{13EACCA6-571F-4F77-8190-6A92EF3F2664}.Release|Any CPU.ActiveCfg = Release|Any CPU
		{13EACCA6-571F-4F77-8190-6A92EF3F2664}.Release|Any CPU.Build.0 = Release|Any CPU
	EndGlobalSection
	GlobalSection(SolutionProperties) = preSolution
		HideSolutionNode = FALSE
	EndGlobalSection
	GlobalSection(ExtensibilityGlobals) = postSolution
		SolutionGuid = {730F5BD8-BBCE-4A45-B5C5-EF6D5D83EBDF}
	EndGlobalSection
EndGlobal
